
Microsoft Visual Studio Solution File, Format Version 12.00
# Visual Studio Version 17
VisualStudioVersion = 17.11.35222.181
MinimumVisualStudioVersion = 10.0.40219.1
Project("{FAE04EC0-301F-11D3-BF4B-00C04F79EFBC}") = "blazor_web_assembly", "blazor_web_assembly.csproj", "{3F27B4EF-A124-4C72-9F6D-AD294E9B5BBB}"
EndProject
Global
	GlobalSection(SolutionConfigurationPlatforms) = preSolution
		Debug|Any CPU = Debug|Any CPU
		Release|Any CPU = Release|Any CPU
	EndGlobalSection
	GlobalSection(ProjectConfigurationPlatforms) = postSolution
		{3F27B4EF-A124-4C72-9F6D-AD294E9B5BBB}.Debug|Any CPU.ActiveCfg = Debug|Any CPU
		{3F27B4EF-A124-4C72-9F6D-AD294E9B5BBB}.Debug|Any CPU.Build.0 = Debug|Any CPU
		{3F27B4EF-A124-4C72-9F6D-AD294E9B5BBB}.Release|Any CPU.ActiveCfg = Release|Any CPU
		{3F27B4EF-A124-4C72-9F6D-AD294E9B5BBB}.Release|Any CPU.Build.0 = Release|Any CPU
	EndGlobalSection
	GlobalSection(SolutionProperties) = preSolution
		HideSolutionNode = FALSE
	EndGlobalSection
	GlobalSection(ExtensibilityGlobals) = postSolution
		SolutionGuid = {2D18D99C-875A-4599-A8A9-FF5BDD9ABE7C}
	EndGlobalSection
EndGlobal
